lockfileVersion: '6.0'

settings:
  autoInstallPeers: true
  excludeLinksFromLockfile: false

dependencies:
  '@hono/node-server':
    specifier: ^1.13.7
    version: 1.13.7(hono@4.6.15)
  hono:
    specifier: ^4.6.15
    version: 4.6.15

packages:

  /@hono/node-server@1.13.7(hono@4.6.15):
    resolution: {integrity: sha512-kTfUMsoloVKtRA2fLiGSd9qBddmru9KadNyhJCwgKBxTiNkaAJEwkVN9KV/rS4HtmmNRtUh6P+YpmjRMl0d9vQ==}
    engines: {node: '>=18.14.1'}
    peerDependencies:
      hono: ^4
    dependencies:
      hono: 4.6.15
    dev: false

  /hono@4.6.15:
    resolution: {integrity: sha512-OiQwvAOAaI2JrABBH69z5rsctHDzFzIKJge0nYXgtzGJ0KftwLWcBXm1upJC23/omNRtnqM0gjRMbtXshPdqhQ==}
    engines: {node: '>=16.9.0'}
    dev: false
